<?xml version="1.0" encoding="utf-8"?>
<Project ToolsVersion="17.0" xmlns="http://schemas.microsoft.com/developer/msbuild/2003">
  <ItemGroup>
    <CustomBuild Include="C:\Users\butte\OneDrive\Desktop\UE5 Tutorials\Learn C++ for Game Development\CMake Binaries\RayTracerBinaries\Raytracer\RayTracer1\CMakeFiles\99b18262a0777367700d7da322c4d21a\generate.stamp.rule">
      <Filter>CMake Rules</Filter>
    </CustomBuild>
  </ItemGroup>
  <ItemGroup>
    <Filter Include="CMake Rules">
      <UniqueIdentifier>{26BC86CD-14DF-3B0E-919A-FA66F3350BD4}</UniqueIdentifier>
    </Filter>
  </ItemGroup>
</Project>
